
Microsoft Visual Studio Solution File, Format Version 12.00
# Visual Studio Version 17
VisualStudioVersion = 17.1.32319.34
MinimumVisualStudioVersion = 10.0.40219.1
Project("{FAE04EC0-301F-11D3-BF4B-00C04F79EFBC}") = "DefiningClasses", "DefiningClasses\DefiningClasses.csproj", "{C9151A45-EC05-4B23-AD8B-BE4D1BFB2884}"
EndProject
Global
	GlobalSection(SolutionConfigurationPlatforms) = preSolution
		Debug|Any CPU = Debug|Any CPU
		Release|Any CPU = Release|Any CPU
	EndGlobalSection
	GlobalSection(ProjectConfigurationPlatforms) = postSolution
		{C9151A45-EC05-4B23-AD8B-BE4D1BFB2884}.Debug|Any CPU.ActiveCfg = Debug|Any CPU
		{C9151A45-EC05-4B23-AD8B-BE4D1BFB2884}.Debug|Any CPU.Build.0 = Debug|Any CPU
		{C9151A45-EC05-4B23-AD8B-BE4D1BFB2884}.Release|Any CPU.ActiveCfg = Release|Any CPU
		{C9151A45-EC05-4B23-AD8B-BE4D1BFB2884}.Release|Any CPU.Build.0 = Release|Any CPU
	EndGlobalSection
	GlobalSection(SolutionProperties) = preSolution
		HideSolutionNode = FALSE
	EndGlobalSection
	GlobalSection(ExtensibilityGlobals) = postSolution
		SolutionGuid = {0C5DC057-0568-4C18-AC3B-21E6102F5204}
	EndGlobalSection
EndGlobal
