
Microsoft Visual Studio Solution File, Format Version 12.00
# Visual Studio Version 17
VisualStudioVersion = 17.1.32319.34
MinimumVisualStudioVersion = 10.0.40219.1
Project("{9A19103F-16F7-4668-BE54-9A1E7A4F7556}") = "Renovators", "Renovators.csproj", "{C29834DF-DC04-45C7-A0D5-BABE4F991744}"
EndProject
Project("{FAE04EC0-301F-11D3-BF4B-00C04F79EFBC}") = "00.Test", "..\00.Test\00.Test.csproj", "{EF4FF797-D5EF-4427-8C6D-76961474D5FF}"
EndProject
Global
	GlobalSection(SolutionConfigurationPlatforms) = preSolution
		Debug|Any CPU = Debug|Any CPU
		Release|Any CPU = Release|Any CPU
	EndGlobalSection
	GlobalSection(ProjectConfigurationPlatforms) = postSolution
		{C29834DF-DC04-45C7-A0D5-BABE4F991744}.Debug|Any CPU.ActiveCfg = Debug|Any CPU
		{C29834DF-DC04-45C7-A0D5-BABE4F991744}.Debug|Any CPU.Build.0 = Debug|Any CPU
		{C29834DF-DC04-45C7-A0D5-BABE4F991744}.Release|Any CPU.ActiveCfg = Release|Any CPU
		{C29834DF-DC04-45C7-A0D5-BABE4F991744}.Release|Any CPU.Build.0 = Release|Any CPU
		{EF4FF797-D5EF-4427-8C6D-76961474D5FF}.Debug|Any CPU.ActiveCfg = Debug|Any CPU
		{EF4FF797-D5EF-4427-8C6D-76961474D5FF}.Debug|Any CPU.Build.0 = Debug|Any CPU
		{EF4FF797-D5EF-4427-8C6D-76961474D5FF}.Release|Any CPU.ActiveCfg = Release|Any CPU
		{EF4FF797-D5EF-4427-8C6D-76961474D5FF}.Release|Any CPU.Build.0 = Release|Any CPU
	EndGlobalSection
	GlobalSection(SolutionProperties) = preSolution
		HideSolutionNode = FALSE
	EndGlobalSection
	GlobalSection(ExtensibilityGlobals) = postSolution
		SolutionGuid = {2ED35D44-959C-4577-B131-39EED6DF29E8}
	EndGlobalSection
EndGlobal
