
Microsoft Visual Studio Solution File, Format Version 12.00
# Visual Studio Version 17
VisualStudioVersion = 17.1.32319.34
MinimumVisualStudioVersion = 10.0.40219.1
Project("{FAE04EC0-301F-11D3-BF4B-00C04F79EFBC}") = "DefiningClasses", "DefiningClasses\DefiningClasses.csproj", "{BE182E0B-CCDE-4098-BED2-82AC944773FD}"
EndProject
Global
	GlobalSection(SolutionConfigurationPlatforms) = preSolution
		Debug|Any CPU = Debug|Any CPU
		Release|Any CPU = Release|Any CPU
	EndGlobalSection
	GlobalSection(ProjectConfigurationPlatforms) = postSolution
		{BE182E0B-CCDE-4098-BED2-82AC944773FD}.Debug|Any CPU.ActiveCfg = Debug|Any CPU
		{BE182E0B-CCDE-4098-BED2-82AC944773FD}.Debug|Any CPU.Build.0 = Debug|Any CPU
		{BE182E0B-CCDE-4098-BED2-82AC944773FD}.Release|Any CPU.ActiveCfg = Release|Any CPU
		{BE182E0B-CCDE-4098-BED2-82AC944773FD}.Release|Any CPU.Build.0 = Release|Any CPU
	EndGlobalSection
	GlobalSection(SolutionProperties) = preSolution
		HideSolutionNode = FALSE
	EndGlobalSection
	GlobalSection(ExtensibilityGlobals) = postSolution
		SolutionGuid = {48F3B439-1675-4D7B-82B2-EB479983D979}
	EndGlobalSection
EndGlobal
