
Microsoft Visual Studio Solution File, Format Version 12.00
# Visual Studio Version 17
VisualStudioVersion = 17.1.32319.34
MinimumVisualStudioVersion = 10.0.40219.1
Project("{FAE04EC0-301F-11D3-BF4B-00C04F79EFBC}") = "DefiningClasses", "DefiningClasses\DefiningClasses.csproj", "{C670E708-9EB3-4819-A530-B8C679613542}"
EndProject
Global
	GlobalSection(SolutionConfigurationPlatforms) = preSolution
		Debug|Any CPU = Debug|Any CPU
		Release|Any CPU = Release|Any CPU
	EndGlobalSection
	GlobalSection(ProjectConfigurationPlatforms) = postSolution
		{C670E708-9EB3-4819-A530-B8C679613542}.Debug|Any CPU.ActiveCfg = Debug|Any CPU
		{C670E708-9EB3-4819-A530-B8C679613542}.Debug|Any CPU.Build.0 = Debug|Any CPU
		{C670E708-9EB3-4819-A530-B8C679613542}.Release|Any CPU.ActiveCfg = Release|Any CPU
		{C670E708-9EB3-4819-A530-B8C679613542}.Release|Any CPU.Build.0 = Release|Any CPU
	EndGlobalSection
	GlobalSection(SolutionProperties) = preSolution
		HideSolutionNode = FALSE
	EndGlobalSection
	GlobalSection(ExtensibilityGlobals) = postSolution
		SolutionGuid = {3D2AC14F-47FD-4E43-8527-CD04677CE30B}
	EndGlobalSection
EndGlobal
