
Microsoft Visual Studio Solution File, Format Version 12.00
# Visual Studio Version 17
VisualStudioVersion = 17.1.32319.34
MinimumVisualStudioVersion = 10.0.40219.1
Project("{FAE04EC0-301F-11D3-BF4B-00C04F79EFBC}") = "01.TilesMaster", "01.TilesMaster.csproj", "{81A0DF9D-DE66-41CF-A91E-4A0A0FD98D34}"
EndProject
Project("{FAE04EC0-301F-11D3-BF4B-00C04F79EFBC}") = "02.WallDestroyer", "..\02.WallDestroyer\02.WallDestroyer.csproj", "{EA153C2B-66C8-46C4-BAA6-B1D2CFBFAAE0}"
EndProject
Global
	GlobalSection(SolutionConfigurationPlatforms) = preSolution
		Debug|Any CPU = Debug|Any CPU
		Release|Any CPU = Release|Any CPU
	EndGlobalSection
	GlobalSection(ProjectConfigurationPlatforms) = postSolution
		{81A0DF9D-DE66-41CF-A91E-4A0A0FD98D34}.Debug|Any CPU.ActiveCfg = Debug|Any CPU
		{81A0DF9D-DE66-41CF-A91E-4A0A0FD98D34}.Debug|Any CPU.Build.0 = Debug|Any CPU
		{81A0DF9D-DE66-41CF-A91E-4A0A0FD98D34}.Release|Any CPU.ActiveCfg = Release|Any CPU
		{81A0DF9D-DE66-41CF-A91E-4A0A0FD98D34}.Release|Any CPU.Build.0 = Release|Any CPU
		{EA153C2B-66C8-46C4-BAA6-B1D2CFBFAAE0}.Debug|Any CPU.ActiveCfg = Debug|Any CPU
		{EA153C2B-66C8-46C4-BAA6-B1D2CFBFAAE0}.Debug|Any CPU.Build.0 = Debug|Any CPU
		{EA153C2B-66C8-46C4-BAA6-B1D2CFBFAAE0}.Release|Any CPU.ActiveCfg = Release|Any CPU
		{EA153C2B-66C8-46C4-BAA6-B1D2CFBFAAE0}.Release|Any CPU.Build.0 = Release|Any CPU
	EndGlobalSection
	GlobalSection(SolutionProperties) = preSolution
		HideSolutionNode = FALSE
	EndGlobalSection
	GlobalSection(ExtensibilityGlobals) = postSolution
		SolutionGuid = {1D68D025-C91A-42A3-AADE-023F90D24EC0}
	EndGlobalSection
EndGlobal
