
Microsoft Visual Studio Solution File, Format Version 12.00
# Visual Studio Version 17
VisualStudioVersion = 17.1.32319.34
MinimumVisualStudioVersion = 10.0.40219.1
Project("{9A19103F-16F7-4668-BE54-9A1E7A4F7556}") = "01.FoodFinder", "01.FoodFinder.csproj", "{D7CE1C5C-A599-4179-8F7D-C6B733C5CE53}"
EndProject
Project("{FAE04EC0-301F-11D3-BF4B-00C04F79EFBC}") = "FoodFinder", "..\FoodFinder\FoodFinder.csproj", "{62D4BF45-90A3-470F-83A1-BB35E06426E0}"
EndProject
Global
	GlobalSection(SolutionConfigurationPlatforms) = preSolution
		Debug|Any CPU = Debug|Any CPU
		Release|Any CPU = Release|Any CPU
	EndGlobalSection
	GlobalSection(ProjectConfigurationPlatforms) = postSolution
		{D7CE1C5C-A599-4179-8F7D-C6B733C5CE53}.Debug|Any CPU.ActiveCfg = Debug|Any CPU
		{D7CE1C5C-A599-4179-8F7D-C6B733C5CE53}.Debug|Any CPU.Build.0 = Debug|Any CPU
		{D7CE1C5C-A599-4179-8F7D-C6B733C5CE53}.Release|Any CPU.ActiveCfg = Release|Any CPU
		{D7CE1C5C-A599-4179-8F7D-C6B733C5CE53}.Release|Any CPU.Build.0 = Release|Any CPU
		{62D4BF45-90A3-470F-83A1-BB35E06426E0}.Debug|Any CPU.ActiveCfg = Debug|Any CPU
		{62D4BF45-90A3-470F-83A1-BB35E06426E0}.Debug|Any CPU.Build.0 = Debug|Any CPU
		{62D4BF45-90A3-470F-83A1-BB35E06426E0}.Release|Any CPU.ActiveCfg = Release|Any CPU
		{62D4BF45-90A3-470F-83A1-BB35E06426E0}.Release|Any CPU.Build.0 = Release|Any CPU
	EndGlobalSection
	GlobalSection(SolutionProperties) = preSolution
		HideSolutionNode = FALSE
	EndGlobalSection
	GlobalSection(ExtensibilityGlobals) = postSolution
		SolutionGuid = {1DAA66E7-F951-4979-BC36-F7548C09C327}
	EndGlobalSection
EndGlobal
