
Microsoft Visual Studio Solution File, Format Version 12.00
# Visual Studio Version 17
VisualStudioVersion = 17.1.32319.34
MinimumVisualStudioVersion = 10.0.40219.1
Project("{FAE04EC0-301F-11D3-BF4B-00C04F79EFBC}") = "DefiningClasses", "DefiningClasses\DefiningClasses.csproj", "{B44C1279-77DF-4EFE-92F8-02C2FF6381CB}"
EndProject
Global
	GlobalSection(SolutionConfigurationPlatforms) = preSolution
		Debug|Any CPU = Debug|Any CPU
		Release|Any CPU = Release|Any CPU
	EndGlobalSection
	GlobalSection(ProjectConfigurationPlatforms) = postSolution
		{B44C1279-77DF-4EFE-92F8-02C2FF6381CB}.Debug|Any CPU.ActiveCfg = Debug|Any CPU
		{B44C1279-77DF-4EFE-92F8-02C2FF6381CB}.Debug|Any CPU.Build.0 = Debug|Any CPU
		{B44C1279-77DF-4EFE-92F8-02C2FF6381CB}.Release|Any CPU.ActiveCfg = Release|Any CPU
		{B44C1279-77DF-4EFE-92F8-02C2FF6381CB}.Release|Any CPU.Build.0 = Release|Any CPU
	EndGlobalSection
	GlobalSection(SolutionProperties) = preSolution
		HideSolutionNode = FALSE
	EndGlobalSection
	GlobalSection(ExtensibilityGlobals) = postSolution
		SolutionGuid = {8668C8A5-6E92-46CC-B94C-C482C7A0F13E}
	EndGlobalSection
EndGlobal
