
Microsoft Visual Studio Solution File, Format Version 12.00
# Visual Studio Version 17
VisualStudioVersion = 17.1.32319.34
MinimumVisualStudioVersion = 10.0.40219.1
Project("{FAE04EC0-301F-11D3-BF4B-00C04F79EFBC}") = "01.MealPlan", "01.MealPlan\01.MealPlan.csproj", "{B4CA1DBF-5311-44DE-95A9-A71F91883253}"
EndProject
Project("{FAE04EC0-301F-11D3-BF4B-00C04F79EFBC}") = "01.MealPlanLists", "01.MealPlanLists\01.MealPlanLists.csproj", "{4274CD6C-D815-4C82-BF3F-FE003CD460A3}"
EndProject
Project("{FAE04EC0-301F-11D3-BF4B-00C04F79EFBC}") = "02.TruffleHunter", "02.TruffleHunter\02.TruffleHunter.csproj", "{CA60BD33-C58C-4B96-A7BB-58C98D5DF119}"
EndProject
Global
	GlobalSection(SolutionConfigurationPlatforms) = preSolution
		Debug|Any CPU = Debug|Any CPU
		Release|Any CPU = Release|Any CPU
	EndGlobalSection
	GlobalSection(ProjectConfigurationPlatforms) = postSolution
		{B4CA1DBF-5311-44DE-95A9-A71F91883253}.Debug|Any CPU.ActiveCfg = Debug|Any CPU
		{B4CA1DBF-5311-44DE-95A9-A71F91883253}.Debug|Any CPU.Build.0 = Debug|Any CPU
		{B4CA1DBF-5311-44DE-95A9-A71F91883253}.Release|Any CPU.ActiveCfg = Release|Any CPU
		{B4CA1DBF-5311-44DE-95A9-A71F91883253}.Release|Any CPU.Build.0 = Release|Any CPU
		{4274CD6C-D815-4C82-BF3F-FE003CD460A3}.Debug|Any CPU.ActiveCfg = Debug|Any CPU
		{4274CD6C-D815-4C82-BF3F-FE003CD460A3}.Debug|Any CPU.Build.0 = Debug|Any CPU
		{4274CD6C-D815-4C82-BF3F-FE003CD460A3}.Release|Any CPU.ActiveCfg = Release|Any CPU
		{4274CD6C-D815-4C82-BF3F-FE003CD460A3}.Release|Any CPU.Build.0 = Release|Any CPU
		{CA60BD33-C58C-4B96-A7BB-58C98D5DF119}.Debug|Any CPU.ActiveCfg = Debug|Any CPU
		{CA60BD33-C58C-4B96-A7BB-58C98D5DF119}.Debug|Any CPU.Build.0 = Debug|Any CPU
		{CA60BD33-C58C-4B96-A7BB-58C98D5DF119}.Release|Any CPU.ActiveCfg = Release|Any CPU
		{CA60BD33-C58C-4B96-A7BB-58C98D5DF119}.Release|Any CPU.Build.0 = Release|Any CPU
	EndGlobalSection
	GlobalSection(SolutionProperties) = preSolution
		HideSolutionNode = FALSE
	EndGlobalSection
	GlobalSection(ExtensibilityGlobals) = postSolution
		SolutionGuid = {084B557B-F0D7-45E1-8F98-F5E31EBB669B}
	EndGlobalSection
EndGlobal
