
Microsoft Visual Studio Solution File, Format Version 12.00
# Visual Studio Version 17
VisualStudioVersion = 17.1.32319.34
MinimumVisualStudioVersion = 10.0.40219.1
Project("{FAE04EC0-301F-11D3-BF4B-00C04F79EFBC}") = "StartUp", "StartUp\StartUp.csproj", "{D159EE9F-7477-474F-9A1A-048F35F71ED9}"
EndProject
Global
	GlobalSection(SolutionConfigurationPlatforms) = preSolution
		Debug|Any CPU = Debug|Any CPU
		Release|Any CPU = Release|Any CPU
	EndGlobalSection
	GlobalSection(ProjectConfigurationPlatforms) = postSolution
		{D159EE9F-7477-474F-9A1A-048F35F71ED9}.Debug|Any CPU.ActiveCfg = Debug|Any CPU
		{D159EE9F-7477-474F-9A1A-048F35F71ED9}.Debug|Any CPU.Build.0 = Debug|Any CPU
		{D159EE9F-7477-474F-9A1A-048F35F71ED9}.Release|Any CPU.ActiveCfg = Release|Any CPU
		{D159EE9F-7477-474F-9A1A-048F35F71ED9}.Release|Any CPU.Build.0 = Release|Any CPU
	EndGlobalSection
	GlobalSection(SolutionProperties) = preSolution
		HideSolutionNode = FALSE
	EndGlobalSection
	GlobalSection(ExtensibilityGlobals) = postSolution
		SolutionGuid = {AE29617F-EED6-484D-BF87-D39B93E8387F}
	EndGlobalSection
EndGlobal
